
Microsoft Visual Studio Solution File, Format Version 12.00
# Visual Studio Version 16
VisualStudioVersion = 16.0.32106.194
MinimumVisualStudioVersion = 10.0.40219.1
Project("{2150E333-8FDC-42A3-9474-1A3956D46DE8}") = "src", "src", "{C3B2E407-7BEF-45A6-9694-E006F181B129}"
EndProject
Project("{2150E333-8FDC-42A3-9474-1A3956D46DE8}") = "Building Blocks", "Building Blocks", "{56140223-9221-409B-84C1-399489F34A85}"
EndProject
Project("{2150E333-8FDC-42A3-9474-1A3956D46DE8}") = "Services", "Services", "{95DD4C3F-175A-4651-89B7-ECA44C765CC7}"
EndProject
Project("{2150E333-8FDC-42A3-9474-1A3956D46DE8}") = "Web", "Web", "{75E9C923-8078-47A3-A964-497FEDAF283A}"
EndProject
Project("{2150E333-8FDC-42A3-9474-1A3956D46DE8}") = "Identidade", "Identidade", "{A4485041-C11D-4EFE-B6C9-9DC326D4A50C}"
EndProject
Project("{9A19103F-16F7-4668-BE54-9A1E7A4F7556}") = "NSE.Identidade.API", "src\services\NSE.Identidade.API\NSE.Identidade.API.csproj", "{DC5D88AD-A2E4-4DBF-B0AA-EF5550CB439F}"
EndProject
Project("{2150E333-8FDC-42A3-9474-1A3956D46DE8}") = "MVC", "MVC", "{A0BE18FF-2B3C-46A5-AAA2-A1238D88DCE5}"
EndProject
Project("{9A19103F-16F7-4668-BE54-9A1E7A4F7556}") = "NSE.WebApp.MVC", "src\services\NSE.WebApp.MVC\NSE.WebApp.MVC.csproj", "{B576ECD0-D3FD-4A51-83BB-0818DCB02608}"
EndProject
Project("{2150E333-8FDC-42A3-9474-1A3956D46DE8}") = "Core", "Core", "{9E6CF168-BF4A-4948-8E68-63CF9227A072}"
EndProject
Project("{9A19103F-16F7-4668-BE54-9A1E7A4F7556}") = "NSE.Core", "src\buildingBlocks\NSE.Core\NSE.Core.csproj", "{35C231C5-566A-4FE5-B7FA-F38AB1BC9A5C}"
EndProject
Project("{2150E333-8FDC-42A3-9474-1A3956D46DE8}") = "Carrinho", "Carrinho", "{6A8F3CA1-AC79-4C51-9A12-8D2AC7F5207B}"
EndProject
Project("{9A19103F-16F7-4668-BE54-9A1E7A4F7556}") = "NSE.Carrinho.API", "src\services\NSE.Carrinho.API\NSE.Carrinho.API.csproj", "{7EE72A1D-34DF-438A-81F2-A690A63F3B79}"
EndProject
Project("{2150E333-8FDC-42A3-9474-1A3956D46DE8}") = "Catalog", "Catalog", "{906D8400-5B5F-4B6C-99F0-EFC41A4D3FB4}"
EndProject
Project("{9A19103F-16F7-4668-BE54-9A1E7A4F7556}") = "NSE.Catalog.API", "src\services\NSE.Catalog.API\NSE.Catalog.API.csproj", "{21EE2981-E54A-474F-9ABD-D9328CE08460}"
EndProject
Project("{2150E333-8FDC-42A3-9474-1A3956D46DE8}") = "Cliente", "Cliente", "{FCA30344-6FE8-4753-8C0C-97732654FE74}"
EndProject
Project("{9A19103F-16F7-4668-BE54-9A1E7A4F7556}") = "NSE.Cliente.API", "src\services\NSE.Cliente.API\NSE.Cliente.API.csproj", "{877F0907-6106-4B87-A5C3-80E96076D08B}"
EndProject
Project("{2150E333-8FDC-42A3-9474-1A3956D46DE8}") = "Pagamento", "Pagamento", "{253E10AE-F1F0-42B9-998E-CAC96BBE43FC}"
EndProject
Project("{2150E333-8FDC-42A3-9474-1A3956D46DE8}") = "Pedido", "Pedido", "{8D277E4C-6AD8-4A7D-999E-2F5DBCBF930E}"
EndProject
Project("{9A19103F-16F7-4668-BE54-9A1E7A4F7556}") = "NSE.Pagamento.API", "src\services\NSE.Pagamento.API\NSE.Pagamento.API.csproj", "{4620E9F0-21F7-462A-8A48-EF60110C2811}"
EndProject
Project("{9A19103F-16F7-4668-BE54-9A1E7A4F7556}") = "NSE.Pedido.API", "src\services\NSE.Pedido.API\NSE.Pedido.API.csproj", "{C31E6D6B-3C6E-4D76-A0E0-6456A78B6D11}"
EndProject
Global
	GlobalSection(SolutionConfigurationPlatforms) = preSolution
		Debug|Any CPU = Debug|Any CPU
		Release|Any CPU = Release|Any CPU
	EndGlobalSection
	GlobalSection(ProjectConfigurationPlatforms) = postSolution
		{DC5D88AD-A2E4-4DBF-B0AA-EF5550CB439F}.Debug|Any CPU.ActiveCfg = Debug|Any CPU
		{DC5D88AD-A2E4-4DBF-B0AA-EF5550CB439F}.Debug|Any CPU.Build.0 = Debug|Any CPU
		{DC5D88AD-A2E4-4DBF-B0AA-EF5550CB439F}.Release|Any CPU.ActiveCfg = Release|Any CPU
		{DC5D88AD-A2E4-4DBF-B0AA-EF5550CB439F}.Release|Any CPU.Build.0 = Release|Any CPU
		{B576ECD0-D3FD-4A51-83BB-0818DCB02608}.Debug|Any CPU.ActiveCfg = Debug|Any CPU
		{B576ECD0-D3FD-4A51-83BB-0818DCB02608}.Debug|Any CPU.Build.0 = Debug|Any CPU
		{B576ECD0-D3FD-4A51-83BB-0818DCB02608}.Release|Any CPU.ActiveCfg = Release|Any CPU
		{B576ECD0-D3FD-4A51-83BB-0818DCB02608}.Release|Any CPU.Build.0 = Release|Any CPU
		{35C231C5-566A-4FE5-B7FA-F38AB1BC9A5C}.Debug|Any CPU.ActiveCfg = Debug|Any CPU
		{35C231C5-566A-4FE5-B7FA-F38AB1BC9A5C}.Debug|Any CPU.Build.0 = Debug|Any CPU
		{35C231C5-566A-4FE5-B7FA-F38AB1BC9A5C}.Release|Any CPU.ActiveCfg = Release|Any CPU
		{35C231C5-566A-4FE5-B7FA-F38AB1BC9A5C}.Release|Any CPU.Build.0 = Release|Any CPU
		{7EE72A1D-34DF-438A-81F2-A690A63F3B79}.Debug|Any CPU.ActiveCfg = Debug|Any CPU
		{7EE72A1D-34DF-438A-81F2-A690A63F3B79}.Debug|Any CPU.Build.0 = Debug|Any CPU
		{7EE72A1D-34DF-438A-81F2-A690A63F3B79}.Release|Any CPU.ActiveCfg = Release|Any CPU
		{7EE72A1D-34DF-438A-81F2-A690A63F3B79}.Release|Any CPU.Build.0 = Release|Any CPU
		{21EE2981-E54A-474F-9ABD-D9328CE08460}.Debug|Any CPU.ActiveCfg = Debug|Any CPU
		{21EE2981-E54A-474F-9ABD-D9328CE08460}.Debug|Any CPU.Build.0 = Debug|Any CPU
		{21EE2981-E54A-474F-9ABD-D9328CE08460}.Release|Any CPU.ActiveCfg = Release|Any CPU
		{21EE2981-E54A-474F-9ABD-D9328CE08460}.Release|Any CPU.Build.0 = Release|Any CPU
		{877F0907-6106-4B87-A5C3-80E96076D08B}.Debug|Any CPU.ActiveCfg = Debug|Any CPU
		{877F0907-6106-4B87-A5C3-80E96076D08B}.Debug|Any CPU.Build.0 = Debug|Any CPU
		{877F0907-6106-4B87-A5C3-80E96076D08B}.Release|Any CPU.ActiveCfg = Release|Any CPU
		{877F0907-6106-4B87-A5C3-80E96076D08B}.Release|Any CPU.Build.0 = Release|Any CPU
		{4620E9F0-21F7-462A-8A48-EF60110C2811}.Debug|Any CPU.ActiveCfg = Debug|Any CPU
		{4620E9F0-21F7-462A-8A48-EF60110C2811}.Debug|Any CPU.Build.0 = Debug|Any CPU
		{4620E9F0-21F7-462A-8A48-EF60110C2811}.Release|Any CPU.ActiveCfg = Release|Any CPU
		{4620E9F0-21F7-462A-8A48-EF60110C2811}.Release|Any CPU.Build.0 = Release|Any CPU
		{C31E6D6B-3C6E-4D76-A0E0-6456A78B6D11}.Debug|Any CPU.ActiveCfg = Debug|Any CPU
		{C31E6D6B-3C6E-4D76-A0E0-6456A78B6D11}.Debug|Any CPU.Build.0 = Debug|Any CPU
		{C31E6D6B-3C6E-4D76-A0E0-6456A78B6D11}.Release|Any CPU.ActiveCfg = Release|Any CPU
		{C31E6D6B-3C6E-4D76-A0E0-6456A78B6D11}.Release|Any CPU.Build.0 = Release|Any CPU
	EndGlobalSection
	GlobalSection(SolutionProperties) = preSolution
		HideSolutionNode = FALSE
	EndGlobalSection
	GlobalSection(NestedProjects) = preSolution
		{56140223-9221-409B-84C1-399489F34A85} = {C3B2E407-7BEF-45A6-9694-E006F181B129}
		{95DD4C3F-175A-4651-89B7-ECA44C765CC7} = {C3B2E407-7BEF-45A6-9694-E006F181B129}
		{75E9C923-8078-47A3-A964-497FEDAF283A} = {C3B2E407-7BEF-45A6-9694-E006F181B129}
		{A4485041-C11D-4EFE-B6C9-9DC326D4A50C} = {95DD4C3F-175A-4651-89B7-ECA44C765CC7}
		{DC5D88AD-A2E4-4DBF-B0AA-EF5550CB439F} = {A4485041-C11D-4EFE-B6C9-9DC326D4A50C}
		{A0BE18FF-2B3C-46A5-AAA2-A1238D88DCE5} = {75E9C923-8078-47A3-A964-497FEDAF283A}
		{B576ECD0-D3FD-4A51-83BB-0818DCB02608} = {A0BE18FF-2B3C-46A5-AAA2-A1238D88DCE5}
		{9E6CF168-BF4A-4948-8E68-63CF9227A072} = {56140223-9221-409B-84C1-399489F34A85}
		{35C231C5-566A-4FE5-B7FA-F38AB1BC9A5C} = {9E6CF168-BF4A-4948-8E68-63CF9227A072}
		{6A8F3CA1-AC79-4C51-9A12-8D2AC7F5207B} = {95DD4C3F-175A-4651-89B7-ECA44C765CC7}
		{7EE72A1D-34DF-438A-81F2-A690A63F3B79} = {6A8F3CA1-AC79-4C51-9A12-8D2AC7F5207B}
		{906D8400-5B5F-4B6C-99F0-EFC41A4D3FB4} = {95DD4C3F-175A-4651-89B7-ECA44C765CC7}
		{21EE2981-E54A-474F-9ABD-D9328CE08460} = {906D8400-5B5F-4B6C-99F0-EFC41A4D3FB4}
		{FCA30344-6FE8-4753-8C0C-97732654FE74} = {95DD4C3F-175A-4651-89B7-ECA44C765CC7}
		{877F0907-6106-4B87-A5C3-80E96076D08B} = {FCA30344-6FE8-4753-8C0C-97732654FE74}
		{253E10AE-F1F0-42B9-998E-CAC96BBE43FC} = {95DD4C3F-175A-4651-89B7-ECA44C765CC7}
		{8D277E4C-6AD8-4A7D-999E-2F5DBCBF930E} = {95DD4C3F-175A-4651-89B7-ECA44C765CC7}
		{4620E9F0-21F7-462A-8A48-EF60110C2811} = {253E10AE-F1F0-42B9-998E-CAC96BBE43FC}
		{C31E6D6B-3C6E-4D76-A0E0-6456A78B6D11} = {8D277E4C-6AD8-4A7D-999E-2F5DBCBF930E}
	EndGlobalSection
	GlobalSection(ExtensibilityGlobals) = postSolution
		SolutionGuid = {3A5D924D-7656-43EC-8B34-92A1D28FED8E}
	EndGlobalSection
EndGlobal
